
Microsoft Visual Studio Solution File, Format Version 12.00
# Visual Studio Version 17
VisualStudioVersion = 17.5.33516.290
MinimumVisualStudioVersion = 10.0.40219.1
Project("{9A19103F-16F7-4668-BE54-9A1E7A4F7556}") = "Equiprent.Web", "Equiprent.Web\Equiprent.Web.csproj", "{28AC1B54-3085-4D3F-A642-AF1D1C83A9B1}"
EndProject
Project("{9A19103F-16F7-4668-BE54-9A1E7A4F7556}") = "Equiprent.Entities", "Equiprent.Entities\Equiprent.Entities.csproj", "{CD1AC3EC-DEB0-46A9-B6AE-49E192BBB473}"
EndProject
Project("{9A19103F-16F7-4668-BE54-9A1E7A4F7556}") = "Equiprent.Data", "Equiprent.Data\Equiprent.Data.csproj", "{B67AC339-719B-4B85-BB54-CB8BFDB3DC36}"
EndProject
Project("{9A19103F-16F7-4668-BE54-9A1E7A4F7556}") = "Equiprent.ApplicationServices", "Equiprent.ApplicationServices\Equiprent.ApplicationServices.csproj", "{13797702-2BD6-4215-B065-7359C677AC93}"
EndProject
Project("{9A19103F-16F7-4668-BE54-9A1E7A4F7556}") = "Equiprent.Logic", "Equiprent.Logic\Equiprent.Logic.csproj", "{8B8F270C-1127-41A4-89CF-83F4BD63043F}"
EndProject
Project("{9A19103F-16F7-4668-BE54-9A1E7A4F7556}") = "Equiprent.Extensions", "Equiprent.Extensions\Equiprent.Extensions.csproj", "{813DF628-1223-41BC-A449-2F47A112E61B}"
EndProject
Global
	GlobalSection(SolutionConfigurationPlatforms) = preSolution
		Debug|Any CPU = Debug|Any CPU
		Release|Any CPU = Release|Any CPU
	EndGlobalSection
	GlobalSection(ProjectConfigurationPlatforms) = postSolution
		{28AC1B54-3085-4D3F-A642-AF1D1C83A9B1}.Debug|Any CPU.ActiveCfg = Debug|Any CPU
		{28AC1B54-3085-4D3F-A642-AF1D1C83A9B1}.Debug|Any CPU.Build.0 = Debug|Any CPU
		{28AC1B54-3085-4D3F-A642-AF1D1C83A9B1}.Release|Any CPU.ActiveCfg = Release|Any CPU
		{28AC1B54-3085-4D3F-A642-AF1D1C83A9B1}.Release|Any CPU.Build.0 = Release|Any CPU
		{CD1AC3EC-DEB0-46A9-B6AE-49E192BBB473}.Debug|Any CPU.ActiveCfg = Debug|Any CPU
		{CD1AC3EC-DEB0-46A9-B6AE-49E192BBB473}.Debug|Any CPU.Build.0 = Debug|Any CPU
		{CD1AC3EC-DEB0-46A9-B6AE-49E192BBB473}.Release|Any CPU.ActiveCfg = Release|Any CPU
		{CD1AC3EC-DEB0-46A9-B6AE-49E192BBB473}.Release|Any CPU.Build.0 = Release|Any CPU
		{B67AC339-719B-4B85-BB54-CB8BFDB3DC36}.Debug|Any CPU.ActiveCfg = Debug|Any CPU
		{B67AC339-719B-4B85-BB54-CB8BFDB3DC36}.Debug|Any CPU.Build.0 = Debug|Any CPU
		{B67AC339-719B-4B85-BB54-CB8BFDB3DC36}.Release|Any CPU.ActiveCfg = Release|Any CPU
		{B67AC339-719B-4B85-BB54-CB8BFDB3DC36}.Release|Any CPU.Build.0 = Release|Any CPU
		{13797702-2BD6-4215-B065-7359C677AC93}.Debug|Any CPU.ActiveCfg = Debug|Any CPU
		{13797702-2BD6-4215-B065-7359C677AC93}.Debug|Any CPU.Build.0 = Debug|Any CPU
		{13797702-2BD6-4215-B065-7359C677AC93}.Release|Any CPU.ActiveCfg = Release|Any CPU
		{13797702-2BD6-4215-B065-7359C677AC93}.Release|Any CPU.Build.0 = Release|Any CPU
		{8B8F270C-1127-41A4-89CF-83F4BD63043F}.Debug|Any CPU.ActiveCfg = Debug|Any CPU
		{8B8F270C-1127-41A4-89CF-83F4BD63043F}.Debug|Any CPU.Build.0 = Debug|Any CPU
		{8B8F270C-1127-41A4-89CF-83F4BD63043F}.Release|Any CPU.ActiveCfg = Release|Any CPU
		{8B8F270C-1127-41A4-89CF-83F4BD63043F}.Release|Any CPU.Build.0 = Release|Any CPU
		{813DF628-1223-41BC-A449-2F47A112E61B}.Debug|Any CPU.ActiveCfg = Debug|Any CPU
		{813DF628-1223-41BC-A449-2F47A112E61B}.Debug|Any CPU.Build.0 = Debug|Any CPU
		{813DF628-1223-41BC-A449-2F47A112E61B}.Release|Any CPU.ActiveCfg = Release|Any CPU
		{813DF628-1223-41BC-A449-2F47A112E61B}.Release|Any CPU.Build.0 = Release|Any CPU
	EndGlobalSection
	GlobalSection(SolutionProperties) = preSolution
		HideSolutionNode = FALSE
	EndGlobalSection
	GlobalSection(ExtensibilityGlobals) = postSolution
		SolutionGuid = {0FD38275-56B3-4A5E-99DE-12783689F7ED}
	EndGlobalSection
EndGlobal
